// !$*UTF8*$!
{
	archiveVersion = 1;
	classes = {
	};
	objectVersion = 56;
	objects = {

/* Begin PBXBuildFile section */
		ED75AEF92C18489100B5AB0E /* BreweriesApp.swift in Sources */ = {isa = PBXBuildFile; fileRef = ED75AEF82C18489100B5AB0E /* BreweriesApp.swift */; };
		ED75AEFB2C18489100B5AB0E /* ContentView.swift in Sources */ = {isa = PBXBuildFile; fileRef = ED75AEFA2C18489100B5AB0E /* ContentView.swift */; };
		ED75AEFD2C18489400B5AB0E /* Assets.xcassets in Resources */ = {isa = PBXBuildFile; fileRef = ED75AEFC2C18489400B5AB0E /* Assets.xcassets */; };
		ED75AF002C18489400B5AB0E /* Preview Assets.xcassets in Resources */ = {isa = PBXBuildFile; fileRef = ED75AEFF2C18489400B5AB0E /* Preview Assets.xcassets */; };
		ED75AF0A2C18489400B5AB0E /* BreweriesTests.swift in Sources */ = {isa = PBXBuildFile; fileRef = ED75AF092C18489400B5AB0E /* BreweriesTests.swift */; };
		ED75AF142C18489400B5AB0E /* BreweriesUITests.swift in Sources */ = {isa = PBXBuildFile; fileRef = ED75AF132C18489400B5AB0E /* BreweriesUITests.swift */; };
		ED75AF162C18489400B5AB0E /* BreweriesUITestsLaunchTests.swift in Sources */ = {isa = PBXBuildFile; fileRef = ED75AF152C18489400B5AB0E /* BreweriesUITestsLaunchTests.swift */; };
		ED75AF282C184C8C00B5AB0E /* LightweightBrewery.swift in Sources */ = {isa = PBXBuildFile; fileRef = ED75AF272C184C8C00B5AB0E /* LightweightBrewery.swift */; };
		ED75AF2A2C184D3200B5AB0E /* BreweryWebAdaptor.swift in Sources */ = {isa = PBXBuildFile; fileRef = ED75AF292C184D3200B5AB0E /* BreweryWebAdaptor.swift */; };
		ED75AF2E2C1855A300B5AB0E /* BreweryDetailView.swift in Sources */ = {isa = PBXBuildFile; fileRef = ED75AF2D2C1855A300B5AB0E /* BreweryDetailView.swift */; };
		ED75AF302C18564E00B5AB0E /* Brewery.swift in Sources */ = {isa = PBXBuildFile; fileRef = ED75AF2F2C18564E00B5AB0E /* Brewery.swift */; };
/* End PBXBuildFile section */

/* Begin PBXContainerItemProxy section */
		ED75AF062C18489400B5AB0E /* PBXContainerItemProxy */ = {
			isa = PBXContainerItemProxy;
			containerPortal = ED75AEED2C18489100B5AB0E /* Project object */;
			proxyType = 1;
			remoteGlobalIDString = ED75AEF42C18489100B5AB0E;
			remoteInfo = Breweries;
		};
		ED75AF102C18489400B5AB0E /* PBXContainerItemProxy */ = {
			isa = PBXContainerItemProxy;
			containerPortal = ED75AEED2C18489100B5AB0E /* Project object */;
			proxyType = 1;
			remoteGlobalIDString = ED75AEF42C18489100B5AB0E;
			remoteInfo = Breweries;
		};
/* End PBXContainerItemProxy section */

/* Begin PBXFileReference section */
		ED75AEF52C18489100B5AB0E /* Breweries.app */ = {isa = PBXFileReference; explicitFileType = wrapper.application; includeInIndex = 0; path = Breweries.app; sourceTree = BUILT_PRODUCTS_DIR; };
		ED75AEF82C18489100B5AB0E /* BreweriesApp.swift */ = {isa = PBXFileReference; lastKnownFileType = sourcecode.swift; path = BreweriesApp.swift; sourceTree = "<group>"; };
		ED75AEFA2C18489100B5AB0E /* ContentView.swift */ = {isa = PBXFileReference; lastKnownFileType = sourcecode.swift; path = ContentView.swift; sourceTree = "<group>"; };
		ED75AEFC2C18489400B5AB0E /* Assets.xcassets */ = {isa = PBXFileReference; lastKnownFileType = folder.assetcatalog; path = Assets.xcassets; sourceTree = "<group>"; };
		ED75AEFF2C18489400B5AB0E /* Preview Assets.xcassets */ = {isa = PBXFileReference; lastKnownFileType = folder.assetcatalog; path = "Preview Assets.xcassets"; sourceTree = "<group>"; };
		ED75AF052C18489400B5AB0E /* BreweriesTests.xctest */ = {isa = PBXFileReference; explicitFileType = wrapper.cfbundle; includeInIndex = 0; path = BreweriesTests.xctest; sourceTree = BUILT_PRODUCTS_DIR; };
		ED75AF092C18489400B5AB0E /* BreweriesTests.swift */ = {isa = PBXFileReference; lastKnownFileType = sourcecode.swift; path = BreweriesTests.swift; sourceTree = "<group>"; };
		ED75AF0F2C18489400B5AB0E /* BreweriesUITests.xctest */ = {isa = PBXFileReference; explicitFileType = wrapper.cfbundle; includeInIndex = 0; path = BreweriesUITests.xctest; sourceTree = BUILT_PRODUCTS_DIR; };
		ED75AF132C18489400B5AB0E /* BreweriesUITests.swift */ = {isa = PBXFileReference; lastKnownFileType = sourcecode.swift; path = BreweriesUITests.swift; sourceTree = "<group>"; };
		ED75AF152C18489400B5AB0E /* BreweriesUITestsLaunchTests.swift */ = {isa = PBXFileReference; lastKnownFileType = sourcecode.swift; path = BreweriesUITestsLaunchTests.swift; sourceTree = "<group>"; };
		ED75AF272C184C8C00B5AB0E /* LightweightBrewery.swift */ = {isa = PBXFileReference; lastKnownFileType = sourcecode.swift; path = LightweightBrewery.swift; sourceTree = "<group>"; };
		ED75AF292C184D3200B5AB0E /* BreweryWebAdaptor.swift */ = {isa = PBXFileReference; lastKnownFileType = sourcecode.swift; path = BreweryWebAdaptor.swift; sourceTree = "<group>"; };
		ED75AF2D2C1855A300B5AB0E /* BreweryDetailView.swift */ = {isa = PBXFileReference; lastKnownFileType = sourcecode.swift; path = BreweryDetailView.swift; sourceTree = "<group>"; };
		ED75AF2F2C18564E00B5AB0E /* Brewery.swift */ = {isa = PBXFileReference; lastKnownFileType = sourcecode.swift; path = Brewery.swift; sourceTree = "<group>"; };
/* End PBXFileReference section */

/* Begin PBXFrameworksBuildPhase section */
		ED75AEF22C18489100B5AB0E /* Frameworks */ = {
			isa = PBXFrameworksBuildPhase;
			buildActionMask = 2147483647;
			files = (
			);
			runOnlyForDeploymentPostprocessing = 0;
		};
		ED75AF022C18489400B5AB0E /* Frameworks */ = {
			isa = PBXFrameworksBuildPhase;
			buildActionMask = 2147483647;
			files = (
			);
			runOnlyForDeploymentPostprocessing = 0;
		};
		ED75AF0C2C18489400B5AB0E /* Frameworks */ = {
			isa = PBXFrameworksBuildPhase;
			buildActionMask = 2147483647;
			files = (
			);
			runOnlyForDeploymentPostprocessing = 0;
		};
/* End PBXFrameworksBuildPhase section */

/* Begin PBXGroup section */
		ED75AEEC2C18489100B5AB0E = {
			isa = PBXGroup;
			children = (
				ED75AEF72C18489100B5AB0E /* Breweries */,
				ED75AF082C18489400B5AB0E /* BreweriesTests */,
				ED75AF122C18489400B5AB0E /* BreweriesUITests */,
				ED75AEF62C18489100B5AB0E /* Products */,
			);
			sourceTree = "<group>";
		};
		ED75AEF62C18489100B5AB0E /* Products */ = {
			isa = PBXGroup;
			children = (
				ED75AEF52C18489100B5AB0E /* Breweries.app */,
				ED75AF052C18489400B5AB0E /* BreweriesTests.xctest */,
				ED75AF0F2C18489400B5AB0E /* BreweriesUITests.xctest */,
			);
			name = Products;
			sourceTree = "<group>";
		};
		ED75AEF72C18489100B5AB0E /* Breweries */ = {
			isa = PBXGroup;
			children = (
				ED75AF262C184C5100B5AB0E /* Web */,
				ED75AF242C184C3900B5AB0E /* Model */,
				ED75AF222C184C2D00B5AB0E /* View */,
				ED75AEF82C18489100B5AB0E /* BreweriesApp.swift */,
				ED75AEFC2C18489400B5AB0E /* Assets.xcassets */,
				ED75AEFE2C18489400B5AB0E /* Preview Content */,
			);
			path = Breweries;
			sourceTree = "<group>";
		};
		ED75AEFE2C18489400B5AB0E /* Preview Content */ = {
			isa = PBXGroup;
			children = (
				ED75AEFF2C18489400B5AB0E /* Preview Assets.xcassets */,
			);
			path = "Preview Content";
			sourceTree = "<group>";
		};
		ED75AF082C18489400B5AB0E /* BreweriesTests */ = {
			isa = PBXGroup;
			children = (
				ED75AF092C18489400B5AB0E /* BreweriesTests.swift */,
			);
			path = BreweriesTests;
			sourceTree = "<group>";
		};
		ED75AF122C18489400B5AB0E /* BreweriesUITests */ = {
			isa = PBXGroup;
			children = (
				ED75AF132C18489400B5AB0E /* BreweriesUITests.swift */,
				ED75AF152C18489400B5AB0E /* BreweriesUITestsLaunchTests.swift */,
			);
			path = BreweriesUITests;
			sourceTree = "<group>";
		};
		ED75AF222C184C2D00B5AB0E /* View */ = {
			isa = PBXGroup;
			children = (
				ED75AEFA2C18489100B5AB0E /* ContentView.swift */,
				ED75AF2D2C1855A300B5AB0E /* BreweryDetailView.swift */,
			);
			path = View;
			sourceTree = "<group>";
		};
		ED75AF242C184C3900B5AB0E /* Model */ = {
			isa = PBXGroup;
			children = (
				ED75AF272C184C8C00B5AB0E /* LightweightBrewery.swift */,
				ED75AF2F2C18564E00B5AB0E /* Brewery.swift */,
			);
			path = Model;
			sourceTree = "<group>";
		};
		ED75AF262C184C5100B5AB0E /* Web */ = {
			isa = PBXGroup;
			children = (
				ED75AF292C184D3200B5AB0E /* BreweryWebAdaptor.swift */,
			);
			path = Web;
			sourceTree = "<group>";
		};
/* End PBXGroup section */

/* Begin PBXNativeTarget section */
		ED75AEF42C18489100B5AB0E /* Breweries */ = {
			isa = PBXNativeTarget;
			buildConfigurationList = ED75AF192C18489400B5AB0E /* Build configuration list for PBXNativeTarget "Breweries" */;
			buildPhases = (
				ED75AEF12C18489100B5AB0E /* Sources */,
				ED75AEF22C18489100B5AB0E /* Frameworks */,
				ED75AEF32C18489100B5AB0E /* Resources */,
			);
			buildRules = (
			);
			dependencies = (
			);
			name = Breweries;
			productName = Breweries;
			productReference = ED75AEF52C18489100B5AB0E /* Breweries.app */;
			productType = "com.apple.product-type.application";
		};
		ED75AF042C18489400B5AB0E /* BreweriesTests */ = {
			isa = PBXNativeTarget;
			buildConfigurationList = ED75AF1C2C18489400B5AB0E /* Build configuration list for PBXNativeTarget "BreweriesTests" */;
			buildPhases = (
				ED75AF012C18489400B5AB0E /* Sources */,
				ED75AF022C18489400B5AB0E /* Frameworks */,
				ED75AF032C18489400B5AB0E /* Resources */,
			);
			buildRules = (
			);
			dependencies = (
				ED75AF072C18489400B5AB0E /* PBXTargetDependency */,
			);
			name = BreweriesTests;
			productName = BreweriesTests;
			productReference = ED75AF052C18489400B5AB0E /* BreweriesTests.xctest */;
			productType = "com.apple.product-type.bundle.unit-test";
		};
		ED75AF0E2C18489400B5AB0E /* BreweriesUITests */ = {
			isa = PBXNativeTarget;
			buildConfigurationList = ED75AF1F2C18489400B5AB0E /* Build configuration list for PBXNativeTarget "BreweriesUITests" */;
			buildPhases = (
				ED75AF0B2C18489400B5AB0E /* Sources */,
				ED75AF0C2C18489400B5AB0E /* Frameworks */,
				ED75AF0D2C18489400B5AB0E /* Resources */,
			);
			buildRules = (
			);
			dependencies = (
				ED75AF112C18489400B5AB0E /* PBXTargetDependency */,
			);
			name = BreweriesUITests;
			productName = BreweriesUITests;
			productReference = ED75AF0F2C18489400B5AB0E /* BreweriesUITests.xctest */;
			productType = "com.apple.product-type.bundle.ui-testing";
		};
/* End PBXNativeTarget section */

/* Begin PBXProject section */
		ED75AEED2C18489100B5AB0E /* Project object */ = {
			isa = PBXProject;
			attributes = {
				BuildIndependentTargetsInParallel = 1;
				LastSwiftUpdateCheck = 1520;
				LastUpgradeCheck = 1520;
				TargetAttributes = {
					ED75AEF42C18489100B5AB0E = {
						CreatedOnToolsVersion = 15.2;
					};
					ED75AF042C18489400B5AB0E = {
						CreatedOnToolsVersion = 15.2;
						TestTargetID = ED75AEF42C18489100B5AB0E;
					};
					ED75AF0E2C18489400B5AB0E = {
						CreatedOnToolsVersion = 15.2;
						TestTargetID = ED75AEF42C18489100B5AB0E;
					};
				};
			};
			buildConfigurationList = ED75AEF02C18489100B5AB0E /* Build configuration list for PBXProject "Breweries" */;
			compatibilityVersion = "Xcode 14.0";
			developmentRegion = en;
			hasScannedForEncodings = 0;
			knownRegions = (
				en,
				Base,
			);
			mainGroup = ED75AEEC2C18489100B5AB0E;
			productRefGroup = ED75AEF62C18489100B5AB0E /* Products */;
			projectDirPath = "";
			projectRoot = "";
			targets = (
				ED75AEF42C18489100B5AB0E /* Breweries */,
				ED75AF042C18489400B5AB0E /* BreweriesTests */,
				ED75AF0E2C18489400B5AB0E /* BreweriesUITests */,
			);
		};
/* End PBXProject section */

/* Begin PBXResourcesBuildPhase section */
		ED75AEF32C18489100B5AB0E /* Resources */ = {
			isa = PBXResourcesBuildPhase;
			buildActionMask = 2147483647;
			files = (
				ED75AF002C18489400B5AB0E /* Preview Assets.xcassets in Resources */,
				ED75AEFD2C18489400B5AB0E /* Assets.xcassets in Resources */,
			);
			runOnlyForDeploymentPostprocessing = 0;
		};
		ED75AF032C18489400B5AB0E /* Resources */ = {
			isa = PBXResourcesBuildPhase;
			buildActionMask = 2147483647;
			files = (
			);
			runOnlyForDeploymentPostprocessing = 0;
		};
		ED75AF0D2C18489400B5AB0E /* Resources */ = {
			isa = PBXResourcesBuildPhase;
			buildActionMask = 2147483647;
			files = (
			);
			runOnlyForDeploymentPostprocessing = 0;
		};
/* End PBXResourcesBuildPhase section */

/* Begin PBXSourcesBuildPhase section */
		ED75AEF12C18489100B5AB0E /* Sources */ = {
			isa = PBXSourcesBuildPhase;
			buildActionMask = 2147483647;
			files = (
				ED75AF2E2C1855A300B5AB0E /* BreweryDetailView.swift in Sources */,
				ED75AEFB2C18489100B5AB0E /* ContentView.swift in Sources */,
				ED75AEF92C18489100B5AB0E /* BreweriesApp.swift in Sources */,
				ED75AF282C184C8C00B5AB0E /* LightweightBrewery.swift in Sources */,
				ED75AF302C18564E00B5AB0E /* Brewery.swift in Sources */,
				ED75AF2A2C184D3200B5AB0E /* BreweryWebAdaptor.swift in Sources */,
			);
			runOnlyForDeploymentPostprocessing = 0;
		};
		ED75AF012C18489400B5AB0E /* Sources */ = {
			isa = PBXSourcesBuildPhase;
			buildActionMask = 2147483647;
			files = (
				ED75AF0A2C18489400B5AB0E /* BreweriesTests.swift in Sources */,
			);
			runOnlyForDeploymentPostprocessing = 0;
		};
		ED75AF0B2C18489400B5AB0E /* Sources */ = {
			isa = PBXSourcesBuildPhase;
			buildActionMask = 2147483647;
			files = (
				ED75AF142C18489400B5AB0E /* BreweriesUITests.swift in Sources */,
				ED75AF162C18489400B5AB0E /* BreweriesUITestsLaunchTests.swift in Sources */,
			);
			runOnlyForDeploymentPostprocessing = 0;
		};
/* End PBXSourcesBuildPhase section */

/* Begin PBXTargetDependency section */
		ED75AF072C18489400B5AB0E /* PBXTargetDependency */ = {
			isa = PBXTargetDependency;
			target = ED75AEF42C18489100B5AB0E /* Breweries */;
			targetProxy = ED75AF062C18489400B5AB0E /* PBXContainerItemProxy */;
		};
		ED75AF112C18489400B5AB0E /* PBXTargetDependency */ = {
			isa = PBXTargetDependency;
			target = ED75AEF42C18489100B5AB0E /* Breweries */;
			targetProxy = ED75AF102C18489400B5AB0E /* PBXContainerItemProxy */;
		};
/* End PBXTargetDependency section */

/* Begin XCBuildConfiguration section */
		ED75AF172C18489400B5AB0E /* Debug */ = {
			isa = XCBuildConfiguration;
			buildSettings = {
				ALWAYS_SEARCH_USER_PATHS = NO;
				ASSETCATALOG_COMPILER_GENERATE_SWIFT_ASSET_SYMBOL_EXTENSIONS = YES;
				CLANG_ANALYZER_NONNULL = YES;
				CLANG_ANALYZER_NUMBER_OBJECT_CONVERSION = YES_AGGRESSIVE;
				CLANG_CXX_LANGUAGE_STANDARD = "gnu++20";
				CLANG_ENABLE_MODULES = YES;
				CLANG_ENABLE_OBJC_ARC = YES;
				CLANG_ENABLE_OBJC_WEAK = YES;
				CLANG_WARN_BLOCK_CAPTURE_AUTORELEASING = YES;
				CLANG_WARN_BOOL_CONVERSION = YES;
				CLANG_WARN_COMMA = YES;
				CLANG_WARN_CONSTANT_CONVERSION = YES;
				CLANG_WARN_DEPRECATED_OBJC_IMPLEMENTATIONS = YES;
				CLANG_WARN_DIRECT_OBJC_ISA_USAGE = YES_ERROR;
				CLANG_WARN_DOCUMENTATION_COMMENTS = YES;
				CLANG_WARN_EMPTY_BODY = YES;
				CLANG_WARN_ENUM_CONVERSION = YES;
				CLANG_WARN_INFINITE_RECURSION = YES;
				CLANG_WARN_INT_CONVERSION = YES;
				CLANG_WARN_NON_LITERAL_NULL_CONVERSION = YES;
				CLANG_WARN_OBJC_IMPLICIT_RETAIN_SELF = YES;
				CLANG_WARN_OBJC_LITERAL_CONVERSION = YES;
				CLANG_WARN_OBJC_ROOT_CLASS = YES_ERROR;
				CLANG_WARN_QUOTED_INCLUDE_IN_FRAMEWORK_HEADER = YES;
				CLANG_WARN_RANGE_LOOP_ANALYSIS = YES;
				CLANG_WARN_STRICT_PROTOTYPES = YES;
				CLANG_WARN_SUSPICIOUS_MOVE = YES;
				CLANG_WARN_UNGUARDED_AVAILABILITY = YES_AGGRESSIVE;
				CLANG_WARN_UNREACHABLE_CODE = YES;
				CLANG_WARN__DUPLICATE_METHOD_MATCH = YES;
				COPY_PHASE_STRIP = NO;
				DEBUG_INFORMATION_FORMAT = dwarf;
				ENABLE_STRICT_OBJC_MSGSEND = YES;
				ENABLE_TESTABILITY = YES;
				ENABLE_USER_SCRIPT_SANDBOXING = YES;
				GCC_C_LANGUAGE_STANDARD = gnu17;
				GCC_DYNAMIC_NO_PIC = NO;
				GCC_NO_COMMON_BLOCKS = YES;
				GCC_OPTIMIZATION_LEVEL = 0;
				GCC_PREPROCESSOR_DEFINITIONS = (
					"DEBUG=1",
					"$(inherited)",
				);
				GCC_WARN_64_TO_32_BIT_CONVERSION = YES;
				GCC_WARN_ABOUT_RETURN_TYPE = YES_ERROR;
				GCC_WARN_UNDECLARED_SELECTOR = YES;
				GCC_WARN_UNINITIALIZED_AUTOS = YES_AGGRESSIVE;
				GCC_WARN_UNUSED_FUNCTION = YES;
				GCC_WARN_UNUSED_VARIABLE = YES;
				IPHONEOS_DEPLOYMENT_TARGET = 17.2;
				LOCALIZATION_PREFERS_STRING_CATALOGS = YES;
				MTL_ENABLE_DEBUG_INFO = INCLUDE_SOURCE;
				MTL_FAST_MATH = YES;
				ONLY_ACTIVE_ARCH = YES;
				SDKROOT = iphoneos;
				SWIFT_ACTIVE_COMPILATION_CONDITIONS = "DEBUG $(inherited)";
				SWIFT_OPTIMIZATION_LEVEL = "-Onone";
			};
			name = Debug;
		};
		ED75AF182C18489400B5AB0E /* Release */ = {
			isa = XCBuildConfiguration;
			buildSettings = {
				ALWAYS_SEARCH_USER_PATHS = NO;
				ASSETCATALOG_COMPILER_GENERATE_SWIFT_ASSET_SYMBOL_EXTENSIONS = YES;
				CLANG_ANALYZER_NONNULL = YES;
				CLANG_ANALYZER_NUMBER_OBJECT_CONVERSION = YES_AGGRESSIVE;
				CLANG_CXX_LANGUAGE_STANDARD = "gnu++20";
				CLANG_ENABLE_MODULES = YES;
				CLANG_ENABLE_OBJC_ARC = YES;
				CLANG_ENABLE_OBJC_WEAK = YES;
				CLANG_WARN_BLOCK_CAPTURE_AUTORELEASING = YES;
				CLANG_WARN_BOOL_CONVERSION = YES;
				CLANG_WARN_COMMA = YES;
				CLANG_WARN_CONSTANT_CONVERSION = YES;
				CLANG_WARN_DEPRECATED_OBJC_IMPLEMENTATIONS = YES;
				CLANG_WARN_DIRECT_OBJC_ISA_USAGE = YES_ERROR;
				CLANG_WARN_DOCUMENTATION_COMMENTS = YES;
				CLANG_WARN_EMPTY_BODY = YES;
				CLANG_WARN_ENUM_CONVERSION = YES;
				CLANG_WARN_INFINITE_RECURSION = YES;
				CLANG_WARN_INT_CONVERSION = YES;
				CLANG_WARN_NON_LITERAL_NULL_CONVERSION = YES;
				CLANG_WARN_OBJC_IMPLICIT_RETAIN_SELF = YES;
				CLANG_WARN_OBJC_LITERAL_CONVERSION = YES;
				CLANG_WARN_OBJC_ROOT_CLASS = YES_ERROR;
				CLANG_WARN_QUOTED_INCLUDE_IN_FRAMEWORK_HEADER = YES;
				CLANG_WARN_RANGE_LOOP_ANALYSIS = YES;
				CLANG_WARN_STRICT_PROTOTYPES = YES;
				CLANG_WARN_SUSPICIOUS_MOVE = YES;
				CLANG_WARN_UNGUARDED_AVAILABILITY = YES_AGGRESSIVE;
				CLANG_WARN_UNREACHABLE_CODE = YES;
				CLANG_WARN__DUPLICATE_METHOD_MATCH = YES;
				COPY_PHASE_STRIP = NO;
				DEBUG_INFORMATION_FORMAT = "dwarf-with-dsym";
				ENABLE_NS_ASSERTIONS = NO;
				ENABLE_STRICT_OBJC_MSGSEND = YES;
				ENABLE_USER_SCRIPT_SANDBOXING = YES;
				GCC_C_LANGUAGE_STANDARD = gnu17;
				GCC_NO_COMMON_BLOCKS = YES;
				GCC_WARN_64_TO_32_BIT_CONVERSION = YES;
				GCC_WARN_ABOUT_RETURN_TYPE = YES_ERROR;
				GCC_WARN_UNDECLARED_SELECTOR = YES;
				GCC_WARN_UNINITIALIZED_AUTOS = YES_AGGRESSIVE;
				GCC_WARN_UNUSED_FUNCTION = YES;
				GCC_WARN_UNUSED_VARIABLE = YES;
				IPHONEOS_DEPLOYMENT_TARGET = 17.2;
				LOCALIZATION_PREFERS_STRING_CATALOGS = YES;
				MTL_ENABLE_DEBUG_INFO = NO;
				MTL_FAST_MATH = YES;
				SDKROOT = iphoneos;
				SWIFT_COMPILATION_MODE = wholemodule;
				VALIDATE_PRODUCT = YES;
			};
			name = Release;
		};
		ED75AF1A2C18489400B5AB0E /* Debug */ = {
			isa = XCBuildConfiguration;
			buildSettings = {
				ASSETCATALOG_COMPILER_APPICON_NAME = AppIcon;
				ASSETCATALOG_COMPILER_GLOBAL_ACCENT_COLOR_NAME = AccentColor;
				CODE_SIGN_STYLE = Automatic;
				CURRENT_PROJECT_VERSION = 1;
				DEVELOPMENT_ASSET_PATHS = "\"Breweries/Preview Content\"";
				ENABLE_PREVIEWS = YES;
				GENERATE_INFOPLIST_FILE = YES;
				INFOPLIST_KEY_UIApplicationSceneManifest_Generation = YES;
				INFOPLIST_KEY_UIApplicationSupportsIndirectInputEvents = YES;
				INFOPLIST_KEY_UILaunchScreen_Generation = YES;
				INFOPLIST_KEY_UISupportedInterfaceOrientations_iPad = "UIInterfaceOrientationPortrait UIInterfaceOrientationPortraitUpsideDown UIInterfaceOrientationLandscapeLeft UIInterfaceOrientationLandscapeRight";
				INFOPLIST_KEY_UISupportedInterfaceOrientations_iPhone = "UIInterfaceOrientationPortrait UIInterfaceOrientationLandscapeLeft UIInterfaceOrientationLandscapeRight";
				LD_RUNPATH_SEARCH_PATHS = (
					"$(inherited)",
					"@executable_path/Frameworks",
				);
				MARKETING_VERSION = 1.0;
				PRODUCT_BUNDLE_IDENTIFIER = com.slackE123.Breweries;
				PRODUCT_NAME = "$(TARGET_NAME)";
				SWIFT_EMIT_LOC_STRINGS = YES;
				SWIFT_VERSION = 5.0;
				TARGETED_DEVICE_FAMILY = "1,2";
			};
			name = Debug;
		};
		ED75AF1B2C18489400B5AB0E /* Release */ = {
			isa = XCBuildConfiguration;
			buildSettings = {
				ASSETCATALOG_COMPILER_APPICON_NAME = AppIcon;
				ASSETCATALOG_COMPILER_GLOBAL_ACCENT_COLOR_NAME = AccentColor;
				CODE_SIGN_STYLE = Automatic;
				CURRENT_PROJECT_VERSION = 1;
				DEVELOPMENT_ASSET_PATHS = "\"Breweries/Preview Content\"";
				ENABLE_PREVIEWS = YES;
				GENERATE_INFOPLIST_FILE = YES;
				INFOPLIST_KEY_UIApplicationSceneManifest_Generation = YES;
				INFOPLIST_KEY_UIApplicationSupportsIndirectInputEvents = YES;
				INFOPLIST_KEY_UILaunchScreen_Generation = YES;
				INFOPLIST_KEY_UISupportedInterfaceOrientations_iPad = "UIInterfaceOrientationPortrait UIInterfaceOrientationPortraitUpsideDown UIInterfaceOrientationLandscapeLeft UIInterfaceOrientationLandscapeRight";
				INFOPLIST_KEY_UISupportedInterfaceOrientations_iPhone = "UIInterfaceOrientationPortrait UIInterfaceOrientationLandscapeLeft UIInterfaceOrientationLandscapeRight";
				LD_RUNPATH_SEARCH_PATHS = (
					"$(inherited)",
					"@executable_path/Frameworks",
				);
				MARKETING_VERSION = 1.0;
				PRODUCT_BUNDLE_IDENTIFIER = com.slackE123.Breweries;
				PRODUCT_NAME = "$(TARGET_NAME)";
				SWIFT_EMIT_LOC_STRINGS = YES;
				SWIFT_VERSION = 5.0;
				TARGETED_DEVICE_FAMILY = "1,2";
			};
			name = Release;
		};
		ED75AF1D2C18489400B5AB0E /* Debug */ = {
			isa = XCBuildConfiguration;
			buildSettings = {
				ALWAYS_EMBED_SWIFT_STANDARD_LIBRARIES = YES;
				BUNDLE_LOADER = "$(TEST_HOST)";
				CODE_SIGN_STYLE = Automatic;
				CURRENT_PROJECT_VERSION = 1;
				GENERATE_INFOPLIST_FILE = YES;
				IPHONEOS_DEPLOYMENT_TARGET = 17.2;
				MARKETING_VERSION = 1.0;
				PRODUCT_BUNDLE_IDENTIFIER = com.slackE123.BreweriesTests;
				PRODUCT_NAME = "$(TARGET_NAME)";
				SWIFT_EMIT_LOC_STRINGS = NO;
				SWIFT_VERSION = 5.0;
				TARGETED_DEVICE_FAMILY = "1,2";
				TEST_HOST = "$(BUILT_PRODUCTS_DIR)/Breweries.app/$(BUNDLE_EXECUTABLE_FOLDER_PATH)/Breweries";
			};
			name = Debug;
		};
		ED75AF1E2C18489400B5AB0E /* Release */ = {
			isa = XCBuildConfiguration;
			buildSettings = {
				ALWAYS_EMBED_SWIFT_STANDARD_LIBRARIES = YES;
				BUNDLE_LOADER = "$(TEST_HOST)";
				CODE_SIGN_STYLE = Automatic;
				CURRENT_PROJECT_VERSION = 1;
				GENERATE_INFOPLIST_FILE = YES;
				IPHONEOS_DEPLOYMENT_TARGET = 17.2;
				MARKETING_VERSION = 1.0;
				PRODUCT_BUNDLE_IDENTIFIER = com.slackE123.BreweriesTests;
				PRODUCT_NAME = "$(TARGET_NAME)";
				SWIFT_EMIT_LOC_STRINGS = NO;
				SWIFT_VERSION = 5.0;
				TARGETED_DEVICE_FAMILY = "1,2";
				TEST_HOST = "$(BUILT_PRODUCTS_DIR)/Breweries.app/$(BUNDLE_EXECUTABLE_FOLDER_PATH)/Breweries";
			};
			name = Release;
		};
		ED75AF202C18489400B5AB0E /* Debug */ = {
			isa = XCBuildConfiguration;
			buildSettings = {
				ALWAYS_EMBED_SWIFT_STANDARD_LIBRARIES = YES;
				CODE_SIGN_STYLE = Automatic;
				CURRENT_PROJECT_VERSION = 1;
				GENERATE_INFOPLIST_FILE = YES;
				MARKETING_VERSION = 1.0;
				PRODUCT_BUNDLE_IDENTIFIER = com.slackE123.BreweriesUITests;
				PRODUCT_NAME = "$(TARGET_NAME)";
				SWIFT_EMIT_LOC_STRINGS = NO;
				SWIFT_VERSION = 5.0;
				TARGETED_DEVICE_FAMILY = "1,2";
				TEST_TARGET_NAME = Breweries;
			};
			name = Debug;
		};
		ED75AF212C18489400B5AB0E /* Release */ = {
			isa = XCBuildConfiguration;
			buildSettings = {
				ALWAYS_EMBED_SWIFT_STANDARD_LIBRARIES = YES;
				CODE_SIGN_STYLE = Automatic;
				CURRENT_PROJECT_VERSION = 1;
				GENERATE_INFOPLIST_FILE = YES;
				MARKETING_VERSION = 1.0;
				PRODUCT_BUNDLE_IDENTIFIER = com.slackE123.BreweriesUITests;
				PRODUCT_NAME = "$(TARGET_NAME)";
				SWIFT_EMIT_LOC_STRINGS = NO;
				SWIFT_VERSION = 5.0;
				TARGETED_DEVICE_FAMILY = "1,2";
				TEST_TARGET_NAME = Breweries;
			};
			name = Release;
		};
/* End XCBuildConfiguration section */

/* Begin XCConfigurationList section */
		ED75AEF02C18489100B5AB0E /* Build configuration list for PBXProject "Breweries" */ = {
			isa = XCConfigurationList;
			buildConfigurations = (
				ED75AF172C18489400B5AB0E /* Debug */,
				ED75AF182C18489400B5AB0E /* Release */,
			);
			defaultConfigurationIsVisible = 0;
			defaultConfigurationName = Release;
		};
		ED75AF192C18489400B5AB0E /* Build configuration list for PBXNativeTarget "Breweries" */ = {
			isa = XCConfigurationList;
			buildConfigurations = (
				ED75AF1A2C18489400B5AB0E /* Debug */,
				ED75AF1B2C18489400B5AB0E /* Release */,
			);
			defaultConfigurationIsVisible = 0;
			defaultConfigurationName = Release;
		};
		ED75AF1C2C18489400B5AB0E /* Build configuration list for PBXNativeTarget "BreweriesTests" */ = {
			isa = XCConfigurationList;
			buildConfigurations = (
				ED75AF1D2C18489400B5AB0E /* Debug */,
				ED75AF1E2C18489400B5AB0E /* Release */,
			);
			defaultConfigurationIsVisible = 0;
			defaultConfigurationName = Release;
		};
		ED75AF1F2C18489400B5AB0E /* Build configuration list for PBXNativeTarget "BreweriesUITests" */ = {
			isa = XCConfigurationList;
			buildConfigurations = (
				ED75AF202C18489400B5AB0E /* Debug */,
				ED75AF212C18489400B5AB0E /* Release */,
			);
			defaultConfigurationIsVisible = 0;
			defaultConfigurationName = Release;
		};
/* End XCConfigurationList section */
	};
	rootObject = ED75AEED2C18489100B5AB0E /* Project object */;
}
